
Microsoft Visual Studio Solution File, Format Version 12.00
# Visual Studio Version 16
VisualStudioVersion = 16.0.30413.136
MinimumVisualStudioVersion = 10.0.40219.1
Project("{FAE04EC0-301F-11D3-BF4B-00C04F79EFBC}") = "piano revisi 2", "piano revisi 2\piano revisi 2.csproj", "{1F672507-3B76-4E80-A692-183456F3500F}"
EndProject
Global
	GlobalSection(SolutionConfigurationPlatforms) = preSolution
		Debug|Any CPU = Debug|Any CPU
		Release|Any CPU = Release|Any CPU
	EndGlobalSection
	GlobalSection(ProjectConfigurationPlatforms) = postSolution
		{1F672507-3B76-4E80-A692-183456F3500F}.Debug|Any CPU.ActiveCfg = Debug|Any CPU
		{1F672507-3B76-4E80-A692-183456F3500F}.Debug|Any CPU.Build.0 = Debug|Any CPU
		{1F672507-3B76-4E80-A692-183456F3500F}.Release|Any CPU.ActiveCfg = Release|Any CPU
		{1F672507-3B76-4E80-A692-183456F3500F}.Release|Any CPU.Build.0 = Release|Any CPU
	EndGlobalSection
	GlobalSection(SolutionProperties) = preSolution
		HideSolutionNode = FALSE
	EndGlobalSection
	GlobalSection(ExtensibilityGlobals) = postSolution
		SolutionGuid = {0E0C7DBF-D014-4A43-91CE-32179D4D3076}
	EndGlobalSection
EndGlobal
